
Microsoft Visual Studio Solution File, Format Version 12.00
# Visual Studio Version 16
VisualStudioVersion = 16.0.31105.61
MinimumVisualStudioVersion = 10.0.40219.1
Project("{FAE04EC0-301F-11D3-BF4B-00C04F79EFBC}") = "web", "web\web.csproj", "{792DDAA0-4479-4BC2-9F9B-F62E06B06F51}"
EndProject
Global
	GlobalSection(SolutionConfigurationPlatforms) = preSolution
		Debug|Any CPU = Debug|Any CPU
		Release|Any CPU = Release|Any CPU
	EndGlobalSection
	GlobalSection(ProjectConfigurationPlatforms) = postSolution
		{792DDAA0-4479-4BC2-9F9B-F62E06B06F51}.Debug|Any CPU.ActiveCfg = Debug|Any CPU
		{792DDAA0-4479-4BC2-9F9B-F62E06B06F51}.Debug|Any CPU.Build.0 = Debug|Any CPU
		{792DDAA0-4479-4BC2-9F9B-F62E06B06F51}.Release|Any CPU.ActiveCfg = Release|Any CPU
		{792DDAA0-4479-4BC2-9F9B-F62E06B06F51}.Release|Any CPU.Build.0 = Release|Any CPU
	EndGlobalSection
	GlobalSection(SolutionProperties) = preSolution
		HideSolutionNode = FALSE
	EndGlobalSection
	GlobalSection(ExtensibilityGlobals) = postSolution
		SolutionGuid = {68EBB049-7AD4-4F34-AA5F-3296AFA3B6AD}
	EndGlobalSection
EndGlobal
